
Microsoft Visual Studio Solution File, Format Version 12.00
# Visual Studio 15
VisualStudioVersion = 15.0.28010.2041
MinimumVisualStudioVersion = 10.0.40219.1
Project("{FAE04EC0-301F-11D3-BF4B-00C04F79EFBC}") = "WebApplication", "WebApplication\WebApplication.csproj", "{F851E86E-9302-457D-89D1-4D8F79CE2C6E}"
EndProject
Project("{FAE04EC0-301F-11D3-BF4B-00C04F79EFBC}") = "ClassLibrary", "ClassLibrary\ClassLibrary.csproj", "{1123DAA7-C70B-4D15-8D77-122617651731}"
EndProject
Global
	GlobalSection(SolutionConfigurationPlatforms) = preSolution
		Debug|Any CPU = Debug|Any CPU
		Release|Any CPU = Release|Any CPU
	EndGlobalSection
	GlobalSection(ProjectConfigurationPlatforms) = postSolution
		{F851E86E-9302-457D-89D1-4D8F79CE2C6E}.Debug|Any CPU.ActiveCfg = Debug|Any CPU
		{F851E86E-9302-457D-89D1-4D8F79CE2C6E}.Debug|Any CPU.Build.0 = Debug|Any CPU
		{F851E86E-9302-457D-89D1-4D8F79CE2C6E}.Release|Any CPU.ActiveCfg = Release|Any CPU
		{F851E86E-9302-457D-89D1-4D8F79CE2C6E}.Release|Any CPU.Build.0 = Release|Any CPU
		{1123DAA7-C70B-4D15-8D77-122617651731}.Debug|Any CPU.ActiveCfg = Debug|Any CPU
		{1123DAA7-C70B-4D15-8D77-122617651731}.Debug|Any CPU.Build.0 = Debug|Any CPU
		{1123DAA7-C70B-4D15-8D77-122617651731}.Release|Any CPU.ActiveCfg = Release|Any CPU
		{1123DAA7-C70B-4D15-8D77-122617651731}.Release|Any CPU.Build.0 = Release|Any CPU
	EndGlobalSection
	GlobalSection(SolutionProperties) = preSolution
		HideSolutionNode = FALSE
	EndGlobalSection
	GlobalSection(ExtensibilityGlobals) = postSolution
		SolutionGuid = {4B5EABD8-6125-40EF-BE56-EAA2F40F6DB7}
	EndGlobalSection
EndGlobal
